
Microsoft Visual Studio Solution File, Format Version 12.00
# Visual Studio Version 17
VisualStudioVersion = 17.14.37411.7 d17.14
MinimumVisualStudioVersion = 10.0.40219.1
Project("{FAE04EC0-301F-11D3-BF4B-00C04F79EFBC}") = "PlayWright", "PlayWright\PlayWright.csproj", "{07151D46-4C28-4A06-8E61-E4F74C9854B4}"
EndProject
Global
	GlobalSection(SolutionConfigurationPlatforms) = preSolution
		Debug|Any CPU = Debug|Any CPU
		Release|Any CPU = Release|Any CPU
	EndGlobalSection
	GlobalSection(ProjectConfigurationPlatforms) = postSolution
		{07151D46-4C28-4A06-8E61-E4F74C9854B4}.Debug|Any CPU.ActiveCfg = Debug|Any CPU
		{07151D46-4C28-4A06-8E61-E4F74C9854B4}.Debug|Any CPU.Build.0 = Debug|Any CPU
		{07151D46-4C28-4A06-8E61-E4F74C9854B4}.Release|Any CPU.ActiveCfg = Release|Any CPU
		{07151D46-4C28-4A06-8E61-E4F74C9854B4}.Release|Any CPU.Build.0 = Release|Any CPU
	EndGlobalSection
	GlobalSection(SolutionProperties) = preSolution
		HideSolutionNode = FALSE
	EndGlobalSection
	GlobalSection(ExtensibilityGlobals) = postSolution
		SolutionGuid = {EA365F03-4B2A-44BA-8E6E-8E993DCB6057}
	EndGlobalSection
EndGlobal
